
Microsoft Visual Studio Solution File, Format Version 12.00
# Visual Studio 2012
Project("{FAE04EC0-301F-11D3-BF4B-00C04F79EFBC}") = "Web Application", "Web Application\Web Application.csproj", "{F91A81D1-69FF-4C32-8BD7-5E0169A235AF}"
EndProject
Project("{FAE04EC0-301F-11D3-BF4B-00C04F79EFBC}") = "Web Application.Tests", "Web Application.Tests\Web Application.Tests.csproj", "{0A5A68FD-710B-436E-AFA4-C8485FA2B34C}"
EndProject
Project("{FAE04EC0-301F-11D3-BF4B-00C04F79EFBC}") = "Service.Tests", "Service.Tests\Service.Tests.csproj", "{EE6DF0C2-ACEB-4108-8F43-5D5138C5A3EB}"
EndProject
Project("{2150E333-8FDC-42A3-9474-1A3956D46DE8}") = ".nuget", ".nuget", "{A20031C8-9A31-42F9-8072-9788066EA672}"
	ProjectSection(SolutionItems) = preProject
		.nuget\NuGet.Config = .nuget\NuGet.Config
		.nuget\NuGet.exe = .nuget\NuGet.exe
		.nuget\NuGet.targets = .nuget\NuGet.targets
	EndProjectSection
EndProject
Project("{FAE04EC0-301F-11D3-BF4B-00C04F79EFBC}") = "SGRImport", "SGRImport\SGRImport.csproj", "{C1151AAC-4FAF-4D40-893E-9722FE51154D}"
EndProject
Project("{FAE04EC0-301F-11D3-BF4B-00C04F79EFBC}") = "Common", "Common\Common.csproj", "{B74B2258-2B47-435C-A0EA-6A0C1FFE18DE}"
EndProject
Project("{FAE04EC0-301F-11D3-BF4B-00C04F79EFBC}") = "Service", "Service\Service.csproj", "{CEC7F727-F96B-484C-8687-E9426DEB76A2}"
EndProject
Project("{2150E333-8FDC-42A3-9474-1A3956D46DE8}") = "Solution Items", "Solution Items", "{065163BE-937C-4826-99BF-FE7FB575593A}"
	ProjectSection(SolutionItems) = preProject
		Performance1.psess = Performance1.psess
	EndProjectSection
EndProject
Global
	GlobalSection(SolutionConfigurationPlatforms) = preSolution
		Debug|Any CPU = Debug|Any CPU
		Release|Any CPU = Release|Any CPU
	EndGlobalSection
	GlobalSection(ProjectConfigurationPlatforms) = postSolution
		{F91A81D1-69FF-4C32-8BD7-5E0169A235AF}.Debug|Any CPU.ActiveCfg = Debug|Any CPU
		{F91A81D1-69FF-4C32-8BD7-5E0169A235AF}.Debug|Any CPU.Build.0 = Debug|Any CPU
		{F91A81D1-69FF-4C32-8BD7-5E0169A235AF}.Release|Any CPU.ActiveCfg = Release|Any CPU
		{F91A81D1-69FF-4C32-8BD7-5E0169A235AF}.Release|Any CPU.Build.0 = Release|Any CPU
		{0A5A68FD-710B-436E-AFA4-C8485FA2B34C}.Debug|Any CPU.ActiveCfg = Debug|Any CPU
		{0A5A68FD-710B-436E-AFA4-C8485FA2B34C}.Debug|Any CPU.Build.0 = Debug|Any CPU
		{0A5A68FD-710B-436E-AFA4-C8485FA2B34C}.Release|Any CPU.ActiveCfg = Release|Any CPU
		{0A5A68FD-710B-436E-AFA4-C8485FA2B34C}.Release|Any CPU.Build.0 = Release|Any CPU
		{EE6DF0C2-ACEB-4108-8F43-5D5138C5A3EB}.Debug|Any CPU.ActiveCfg = Debug|Any CPU
		{EE6DF0C2-ACEB-4108-8F43-5D5138C5A3EB}.Debug|Any CPU.Build.0 = Debug|Any CPU
		{EE6DF0C2-ACEB-4108-8F43-5D5138C5A3EB}.Release|Any CPU.ActiveCfg = Release|Any CPU
		{EE6DF0C2-ACEB-4108-8F43-5D5138C5A3EB}.Release|Any CPU.Build.0 = Release|Any CPU
		{C1151AAC-4FAF-4D40-893E-9722FE51154D}.Debug|Any CPU.ActiveCfg = Debug|Any CPU
		{C1151AAC-4FAF-4D40-893E-9722FE51154D}.Debug|Any CPU.Build.0 = Debug|Any CPU
		{C1151AAC-4FAF-4D40-893E-9722FE51154D}.Release|Any CPU.ActiveCfg = Release|Any CPU
		{C1151AAC-4FAF-4D40-893E-9722FE51154D}.Release|Any CPU.Build.0 = Release|Any CPU
		{B74B2258-2B47-435C-A0EA-6A0C1FFE18DE}.Debug|Any CPU.ActiveCfg = Debug|Any CPU
		{B74B2258-2B47-435C-A0EA-6A0C1FFE18DE}.Debug|Any CPU.Build.0 = Debug|Any CPU
		{B74B2258-2B47-435C-A0EA-6A0C1FFE18DE}.Release|Any CPU.ActiveCfg = Release|Any CPU
		{B74B2258-2B47-435C-A0EA-6A0C1FFE18DE}.Release|Any CPU.Build.0 = Release|Any CPU
		{CEC7F727-F96B-484C-8687-E9426DEB76A2}.Debug|Any CPU.ActiveCfg = Debug|Any CPU
		{CEC7F727-F96B-484C-8687-E9426DEB76A2}.Debug|Any CPU.Build.0 = Debug|Any CPU
		{CEC7F727-F96B-484C-8687-E9426DEB76A2}.Release|Any CPU.ActiveCfg = Release|Any CPU
		{CEC7F727-F96B-484C-8687-E9426DEB76A2}.Release|Any CPU.Build.0 = Release|Any CPU
	EndGlobalSection
	GlobalSection(SolutionProperties) = preSolution
		HideSolutionNode = FALSE
	EndGlobalSection
EndGlobal
