
Microsoft Visual Studio Solution File, Format Version 12.00
# Visual Studio 2012
Project("{FAE04EC0-301F-11D3-BF4B-00C04F79EFBC}") = "Web Application", "Web Application\Web Application.csproj", "{F91A81D1-69FF-4C32-8BD7-5E0169A235AF}"
	ProjectSection(ProjectDependencies) = postProject
		{5F16E4E1-F26A-43C1-8A08-5733354ACB76} = {5F16E4E1-F26A-43C1-8A08-5733354ACB76}
	EndProjectSection
EndProject
Project("{FAE04EC0-301F-11D3-BF4B-00C04F79EFBC}") = "Web Application.Tests", "Web Application.Tests\Web Application.Tests.csproj", "{0A5A68FD-710B-436E-AFA4-C8485FA2B34C}"
	ProjectSection(ProjectDependencies) = postProject
		{5F16E4E1-F26A-43C1-8A08-5733354ACB76} = {5F16E4E1-F26A-43C1-8A08-5733354ACB76}
	EndProjectSection
EndProject
Project("{FAE04EC0-301F-11D3-BF4B-00C04F79EFBC}") = "Service", "Service\Service.csproj", "{5F16E4E1-F26A-43C1-8A08-5733354ACB76}"
EndProject
Project("{FAE04EC0-301F-11D3-BF4B-00C04F79EFBC}") = "Service.Tests", "Service.Tests\Service.Tests.csproj", "{EE6DF0C2-ACEB-4108-8F43-5D5138C5A3EB}"
	ProjectSection(ProjectDependencies) = postProject
		{5F16E4E1-F26A-43C1-8A08-5733354ACB76} = {5F16E4E1-F26A-43C1-8A08-5733354ACB76}
	EndProjectSection
EndProject
Global
	GlobalSection(SolutionConfigurationPlatforms) = preSolution
		Debug|Any CPU = Debug|Any CPU
		Release|Any CPU = Release|Any CPU
	EndGlobalSection
	GlobalSection(ProjectConfigurationPlatforms) = postSolution
		{F91A81D1-69FF-4C32-8BD7-5E0169A235AF}.Debug|Any CPU.ActiveCfg = Debug|Any CPU
		{F91A81D1-69FF-4C32-8BD7-5E0169A235AF}.Debug|Any CPU.Build.0 = Debug|Any CPU
		{F91A81D1-69FF-4C32-8BD7-5E0169A235AF}.Release|Any CPU.ActiveCfg = Release|Any CPU
		{F91A81D1-69FF-4C32-8BD7-5E0169A235AF}.Release|Any CPU.Build.0 = Release|Any CPU
		{0A5A68FD-710B-436E-AFA4-C8485FA2B34C}.Debug|Any CPU.ActiveCfg = Debug|Any CPU
		{0A5A68FD-710B-436E-AFA4-C8485FA2B34C}.Debug|Any CPU.Build.0 = Debug|Any CPU
		{0A5A68FD-710B-436E-AFA4-C8485FA2B34C}.Release|Any CPU.ActiveCfg = Release|Any CPU
		{0A5A68FD-710B-436E-AFA4-C8485FA2B34C}.Release|Any CPU.Build.0 = Release|Any CPU
		{5F16E4E1-F26A-43C1-8A08-5733354ACB76}.Debug|Any CPU.ActiveCfg = Debug|Any CPU
		{5F16E4E1-F26A-43C1-8A08-5733354ACB76}.Debug|Any CPU.Build.0 = Debug|Any CPU
		{5F16E4E1-F26A-43C1-8A08-5733354ACB76}.Release|Any CPU.ActiveCfg = Release|Any CPU
		{5F16E4E1-F26A-43C1-8A08-5733354ACB76}.Release|Any CPU.Build.0 = Release|Any CPU
		{EE6DF0C2-ACEB-4108-8F43-5D5138C5A3EB}.Debug|Any CPU.ActiveCfg = Debug|Any CPU
		{EE6DF0C2-ACEB-4108-8F43-5D5138C5A3EB}.Debug|Any CPU.Build.0 = Debug|Any CPU
		{EE6DF0C2-ACEB-4108-8F43-5D5138C5A3EB}.Release|Any CPU.ActiveCfg = Release|Any CPU
		{EE6DF0C2-ACEB-4108-8F43-5D5138C5A3EB}.Release|Any CPU.Build.0 = Release|Any CPU
	EndGlobalSection
	GlobalSection(SolutionProperties) = preSolution
		HideSolutionNode = FALSE
	EndGlobalSection
EndGlobal
